
Microsoft Visual Studio Solution File, Format Version 12.00
# Visual Studio Version 16
VisualStudioVersion = 16.0.29326.143
MinimumVisualStudioVersion = 10.0.40219.1
Project("{FAE04EC0-301F-11D3-BF4B-00C04F79EFBC}") = "VisitorsInCompany.View", "VisitorsInCompany.View\VisitorsInCompany.View.csproj", "{98FF0E7D-EB40-4262-BA0F-DE79E2BE8FA0}"
EndProject
Global
	GlobalSection(SolutionConfigurationPlatforms) = preSolution
		Debug|Any CPU = Debug|Any CPU
		Release|Any CPU = Release|Any CPU
	EndGlobalSection
	GlobalSection(ProjectConfigurationPlatforms) = postSolution
		{98FF0E7D-EB40-4262-BA0F-DE79E2BE8FA0}.Debug|Any CPU.ActiveCfg = Debug|Any CPU
		{98FF0E7D-EB40-4262-BA0F-DE79E2BE8FA0}.Debug|Any CPU.Build.0 = Debug|Any CPU
		{98FF0E7D-EB40-4262-BA0F-DE79E2BE8FA0}.Release|Any CPU.ActiveCfg = Release|Any CPU
		{98FF0E7D-EB40-4262-BA0F-DE79E2BE8FA0}.Release|Any CPU.Build.0 = Release|Any CPU
	EndGlobalSection
	GlobalSection(SolutionProperties) = preSolution
		HideSolutionNode = FALSE
	EndGlobalSection
	GlobalSection(ExtensibilityGlobals) = postSolution
		SolutionGuid = {19462CF8-DE9D-4249-9B72-FBAEA3C74466}
	EndGlobalSection
EndGlobal
